%{
  "meck": {:hex, :meck, "0.8.9", "64c5c0bd8bcca3a180b44196265c8ed7594e16bcc845d0698ec6b4e577f48188", [:rebar3], [], "hexpm"},
  "mock": {:hex, :mock, "0.3.1", "994f00150f79a0ea50dc9d86134cd9ebd0d177ad60bd04d1e46336cdfdb98ff9", [:mix], [{:meck, "~> 0.8.8", [hex: :meck, repo: "hexpm", optional: false]}], "hexpm"},
}
